{
  "name": "@drfok/opencode-ttc-plugin",
  "version": "0.1.3",
  "lockfileVersion": 3,
  "requires": true,
  "packages": {
    "": {
      "name": "@drfok/opencode-ttc-plugin",
      "version": "0.1.3",
      "license": "ISC",
      "bin": {
        "opencode-ttc-plugin": "scripts/cli.mjs",
        "opencode-ttc-plugin-doctor": "scripts/cli.mjs",
        "opencode-ttc-plugin-install": "scripts/cli.mjs",
        "opencode-ttc-plugin-uninstall": "scripts/cli.mjs"
      },
      "devDependencies": {},
      "engines": {
        "node": ">=20"
      }
    }
  }
}
